
Microsoft Visual Studio Solution File, Format Version 12.00
# Visual Studio Version 16
VisualStudioVersion = 16.0.30523.141
MinimumVisualStudioVersion = 10.0.40219.1
Project("{FAE04EC0-301F-11D3-BF4B-00C04F79EFBC}") = "SegLabEvaluado_BombasGas", "SegLabEvaluado_BombasGas.csproj", "{9B286D17-001A-4746-91C6-C54EA2480943}"
EndProject
Global
	GlobalSection(SolutionConfigurationPlatforms) = preSolution
		Debug|Any CPU = Debug|Any CPU
		Release|Any CPU = Release|Any CPU
	EndGlobalSection
	GlobalSection(ProjectConfigurationPlatforms) = postSolution
		{9B286D17-001A-4746-91C6-C54EA2480943}.Debug|Any CPU.ActiveCfg = Debug|Any CPU
		{9B286D17-001A-4746-91C6-C54EA2480943}.Debug|Any CPU.Build.0 = Debug|Any CPU
		{9B286D17-001A-4746-91C6-C54EA2480943}.Release|Any CPU.ActiveCfg = Release|Any CPU
		{9B286D17-001A-4746-91C6-C54EA2480943}.Release|Any CPU.Build.0 = Release|Any CPU
	EndGlobalSection
	GlobalSection(SolutionProperties) = preSolution
		HideSolutionNode = FALSE
	EndGlobalSection
	GlobalSection(ExtensibilityGlobals) = postSolution
		SolutionGuid = {B0FD4723-7880-4D27-B0CC-EDCF209474D6}
	EndGlobalSection
EndGlobal
